
Microsoft Visual Studio Solution File, Format Version 12.00
# Visual Studio 2013
VisualStudioVersion = 12.0.30501.0
MinimumVisualStudioVersion = 10.0.40219.1
Project("{FAE04EC0-301F-11D3-BF4B-00C04F79EFBC}") = "SpaArchitectureMvp", "SpaArchitectureMvp\SpaArchitectureMvp.csproj", "{18068B06-4736-4C29-986F-A678DC758F52}"
EndProject
Project("{FAE04EC0-301F-11D3-BF4B-00C04F79EFBC}") = "Domain", "Domain\Domain.csproj", "{BC42E605-940C-46DF-BFFA-AE4A5FF73C23}"
EndProject
Project("{FAE04EC0-301F-11D3-BF4B-00C04F79EFBC}") = "DomainMapping", "DomainMapping\DomainMapping.csproj", "{3638700C-9C7D-49D1-89E6-75886BA2665C}"
EndProject
Project("{FAE04EC0-301F-11D3-BF4B-00C04F79EFBC}") = "Domain.Test", "Domain.Test\Domain.Test.csproj", "{AD7D0E53-2470-4C58-967E-FE8A128C29CF}"
EndProject
Project("{FAE04EC0-301F-11D3-BF4B-00C04F79EFBC}") = "UnitTestFriendlyDal", "..\JunBet\UnitTestFriendlyDal\UnitTestFriendlyDal.csproj", "{174D3964-209D-4338-ADA0-052C224C0AF9}"
EndProject
Project("{FAE04EC0-301F-11D3-BF4B-00C04F79EFBC}") = "Dto", "Dto\Dto.csproj", "{4B7F67F8-D31B-4DD6-92E6-23AE07CEEC39}"
EndProject
Global
	GlobalSection(SolutionConfigurationPlatforms) = preSolution
		Debug|Any CPU = Debug|Any CPU
		Release|Any CPU = Release|Any CPU
	EndGlobalSection
	GlobalSection(ProjectConfigurationPlatforms) = postSolution
		{18068B06-4736-4C29-986F-A678DC758F52}.Debug|Any CPU.ActiveCfg = Debug|Any CPU
		{18068B06-4736-4C29-986F-A678DC758F52}.Debug|Any CPU.Build.0 = Debug|Any CPU
		{18068B06-4736-4C29-986F-A678DC758F52}.Release|Any CPU.ActiveCfg = Release|Any CPU
		{18068B06-4736-4C29-986F-A678DC758F52}.Release|Any CPU.Build.0 = Release|Any CPU
		{BC42E605-940C-46DF-BFFA-AE4A5FF73C23}.Debug|Any CPU.ActiveCfg = Debug|Any CPU
		{BC42E605-940C-46DF-BFFA-AE4A5FF73C23}.Debug|Any CPU.Build.0 = Debug|Any CPU
		{BC42E605-940C-46DF-BFFA-AE4A5FF73C23}.Release|Any CPU.ActiveCfg = Release|Any CPU
		{BC42E605-940C-46DF-BFFA-AE4A5FF73C23}.Release|Any CPU.Build.0 = Release|Any CPU
		{3638700C-9C7D-49D1-89E6-75886BA2665C}.Debug|Any CPU.ActiveCfg = Debug|Any CPU
		{3638700C-9C7D-49D1-89E6-75886BA2665C}.Debug|Any CPU.Build.0 = Debug|Any CPU
		{3638700C-9C7D-49D1-89E6-75886BA2665C}.Release|Any CPU.ActiveCfg = Release|Any CPU
		{3638700C-9C7D-49D1-89E6-75886BA2665C}.Release|Any CPU.Build.0 = Release|Any CPU
		{AD7D0E53-2470-4C58-967E-FE8A128C29CF}.Debug|Any CPU.ActiveCfg = Debug|Any CPU
		{AD7D0E53-2470-4C58-967E-FE8A128C29CF}.Debug|Any CPU.Build.0 = Debug|Any CPU
		{AD7D0E53-2470-4C58-967E-FE8A128C29CF}.Release|Any CPU.ActiveCfg = Release|Any CPU
		{AD7D0E53-2470-4C58-967E-FE8A128C29CF}.Release|Any CPU.Build.0 = Release|Any CPU
		{174D3964-209D-4338-ADA0-052C224C0AF9}.Debug|Any CPU.ActiveCfg = Debug|Any CPU
		{174D3964-209D-4338-ADA0-052C224C0AF9}.Debug|Any CPU.Build.0 = Debug|Any CPU
		{174D3964-209D-4338-ADA0-052C224C0AF9}.Release|Any CPU.ActiveCfg = Release|Any CPU
		{174D3964-209D-4338-ADA0-052C224C0AF9}.Release|Any CPU.Build.0 = Release|Any CPU
		{4B7F67F8-D31B-4DD6-92E6-23AE07CEEC39}.Debug|Any CPU.ActiveCfg = Debug|Any CPU
		{4B7F67F8-D31B-4DD6-92E6-23AE07CEEC39}.Debug|Any CPU.Build.0 = Debug|Any CPU
		{4B7F67F8-D31B-4DD6-92E6-23AE07CEEC39}.Release|Any CPU.ActiveCfg = Release|Any CPU
		{4B7F67F8-D31B-4DD6-92E6-23AE07CEEC39}.Release|Any CPU.Build.0 = Release|Any CPU
	EndGlobalSection
	GlobalSection(SolutionProperties) = preSolution
		HideSolutionNode = FALSE
	EndGlobalSection
EndGlobal
